
Microsoft Visual Studio Solution File, Format Version 12.00
# Visual Studio Version 17
VisualStudioVersion = 17.3.32804.467
MinimumVisualStudioVersion = 10.0.40219.1
Project("{FAE04EC0-301F-11D3-BF4B-00C04F79EFBC}") = "colecciones2", "colecciones2.csproj", "{BEB2A989-4813-4DB7-A671-C24A48F4CDF9}"
EndProject
Global
	GlobalSection(SolutionConfigurationPlatforms) = preSolution
		Debug|Any CPU = Debug|Any CPU
		Release|Any CPU = Release|Any CPU
	EndGlobalSection
	GlobalSection(ProjectConfigurationPlatforms) = postSolution
		{BEB2A989-4813-4DB7-A671-C24A48F4CDF9}.Debug|Any CPU.ActiveCfg = Debug|Any CPU
		{BEB2A989-4813-4DB7-A671-C24A48F4CDF9}.Debug|Any CPU.Build.0 = Debug|Any CPU
		{BEB2A989-4813-4DB7-A671-C24A48F4CDF9}.Release|Any CPU.ActiveCfg = Release|Any CPU
		{BEB2A989-4813-4DB7-A671-C24A48F4CDF9}.Release|Any CPU.Build.0 = Release|Any CPU
	EndGlobalSection
	GlobalSection(SolutionProperties) = preSolution
		HideSolutionNode = FALSE
	EndGlobalSection
	GlobalSection(ExtensibilityGlobals) = postSolution
		SolutionGuid = {177C7C25-C369-4AF4-898A-0513A68FBAAD}
	EndGlobalSection
EndGlobal
