
Microsoft Visual Studio Solution File, Format Version 12.00
# Visual Studio Version 17
VisualStudioVersion = 17.3.32825.248
MinimumVisualStudioVersion = 10.0.40219.1
Project("{FAE04EC0-301F-11D3-BF4B-00C04F79EFBC}") = "array1", "array1.csproj", "{A8F8319B-A9DD-41A6-B401-358B4BBD9566}"
EndProject
Global
	GlobalSection(SolutionConfigurationPlatforms) = preSolution
		Debug|Any CPU = Debug|Any CPU
		Release|Any CPU = Release|Any CPU
	EndGlobalSection
	GlobalSection(ProjectConfigurationPlatforms) = postSolution
		{A8F8319B-A9DD-41A6-B401-358B4BBD9566}.Debug|Any CPU.ActiveCfg = Debug|Any CPU
		{A8F8319B-A9DD-41A6-B401-358B4BBD9566}.Debug|Any CPU.Build.0 = Debug|Any CPU
		{A8F8319B-A9DD-41A6-B401-358B4BBD9566}.Release|Any CPU.ActiveCfg = Release|Any CPU
		{A8F8319B-A9DD-41A6-B401-358B4BBD9566}.Release|Any CPU.Build.0 = Release|Any CPU
	EndGlobalSection
	GlobalSection(SolutionProperties) = preSolution
		HideSolutionNode = FALSE
	EndGlobalSection
	GlobalSection(ExtensibilityGlobals) = postSolution
		SolutionGuid = {A237FD92-ECD6-498A-B2B0-F4D18EFFB7FC}
	EndGlobalSection
EndGlobal
