
Microsoft Visual Studio Solution File, Format Version 12.00
# Visual Studio Version 17
VisualStudioVersion = 17.3.32804.467
MinimumVisualStudioVersion = 10.0.40219.1
Project("{FAE04EC0-301F-11D3-BF4B-00C04F79EFBC}") = "genericos3", "genericos3.csproj", "{186229E4-8803-4687-AAE8-D8B54A0E29FF}"
EndProject
Global
	GlobalSection(SolutionConfigurationPlatforms) = preSolution
		Debug|Any CPU = Debug|Any CPU
		Release|Any CPU = Release|Any CPU
	EndGlobalSection
	GlobalSection(ProjectConfigurationPlatforms) = postSolution
		{186229E4-8803-4687-AAE8-D8B54A0E29FF}.Debug|Any CPU.ActiveCfg = Debug|Any CPU
		{186229E4-8803-4687-AAE8-D8B54A0E29FF}.Debug|Any CPU.Build.0 = Debug|Any CPU
		{186229E4-8803-4687-AAE8-D8B54A0E29FF}.Release|Any CPU.ActiveCfg = Release|Any CPU
		{186229E4-8803-4687-AAE8-D8B54A0E29FF}.Release|Any CPU.Build.0 = Release|Any CPU
	EndGlobalSection
	GlobalSection(SolutionProperties) = preSolution
		HideSolutionNode = FALSE
	EndGlobalSection
	GlobalSection(ExtensibilityGlobals) = postSolution
		SolutionGuid = {6CDA08F5-721B-42F5-9DBF-96CB4FB61B20}
	EndGlobalSection
EndGlobal
