
Microsoft Visual Studio Solution File, Format Version 12.00
# Visual Studio Version 17
VisualStudioVersion = 17.3.32804.467
MinimumVisualStudioVersion = 10.0.40219.1
Project("{FAE04EC0-301F-11D3-BF4B-00C04F79EFBC}") = "struct", "struct.csproj", "{6BBE1987-B5A4-4C82-BAB1-DE24DDE7EE18}"
EndProject
Global
	GlobalSection(SolutionConfigurationPlatforms) = preSolution
		Debug|Any CPU = Debug|Any CPU
		Release|Any CPU = Release|Any CPU
	EndGlobalSection
	GlobalSection(ProjectConfigurationPlatforms) = postSolution
		{6BBE1987-B5A4-4C82-BAB1-DE24DDE7EE18}.Debug|Any CPU.ActiveCfg = Debug|Any CPU
		{6BBE1987-B5A4-4C82-BAB1-DE24DDE7EE18}.Debug|Any CPU.Build.0 = Debug|Any CPU
		{6BBE1987-B5A4-4C82-BAB1-DE24DDE7EE18}.Release|Any CPU.ActiveCfg = Release|Any CPU
		{6BBE1987-B5A4-4C82-BAB1-DE24DDE7EE18}.Release|Any CPU.Build.0 = Release|Any CPU
	EndGlobalSection
	GlobalSection(SolutionProperties) = preSolution
		HideSolutionNode = FALSE
	EndGlobalSection
	GlobalSection(ExtensibilityGlobals) = postSolution
		SolutionGuid = {5DAB7D20-8562-4ACF-88D0-0AB918D7D8F8}
	EndGlobalSection
EndGlobal
