
Microsoft Visual Studio Solution File, Format Version 12.00
# Visual Studio Version 17
VisualStudioVersion = 17.3.32804.467
MinimumVisualStudioVersion = 10.0.40219.1
Project("{FAE04EC0-301F-11D3-BF4B-00C04F79EFBC}") = "Poo3", "Poo3.csproj", "{F3452595-9C4B-49B3-8D2B-8E10EDCD74C9}"
EndProject
Global
	GlobalSection(SolutionConfigurationPlatforms) = preSolution
		Debug|Any CPU = Debug|Any CPU
		Release|Any CPU = Release|Any CPU
	EndGlobalSection
	GlobalSection(ProjectConfigurationPlatforms) = postSolution
		{F3452595-9C4B-49B3-8D2B-8E10EDCD74C9}.Debug|Any CPU.ActiveCfg = Debug|Any CPU
		{F3452595-9C4B-49B3-8D2B-8E10EDCD74C9}.Debug|Any CPU.Build.0 = Debug|Any CPU
		{F3452595-9C4B-49B3-8D2B-8E10EDCD74C9}.Release|Any CPU.ActiveCfg = Release|Any CPU
		{F3452595-9C4B-49B3-8D2B-8E10EDCD74C9}.Release|Any CPU.Build.0 = Release|Any CPU
	EndGlobalSection
	GlobalSection(SolutionProperties) = preSolution
		HideSolutionNode = FALSE
	EndGlobalSection
	GlobalSection(ExtensibilityGlobals) = postSolution
		SolutionGuid = {0D4A4760-CE8C-44B9-AAEE-767CC8711015}
	EndGlobalSection
EndGlobal
