
Microsoft Visual Studio Solution File, Format Version 12.00
# Visual Studio Version 17
VisualStudioVersion = 17.3.32804.467
MinimumVisualStudioVersion = 10.0.40219.1
Project("{FAE04EC0-301F-11D3-BF4B-00C04F79EFBC}") = "genericos1", "genericos1.csproj", "{EF38E127-4D86-43E8-85A2-E27EF038F4F7}"
EndProject
Global
	GlobalSection(SolutionConfigurationPlatforms) = preSolution
		Debug|Any CPU = Debug|Any CPU
		Release|Any CPU = Release|Any CPU
	EndGlobalSection
	GlobalSection(ProjectConfigurationPlatforms) = postSolution
		{EF38E127-4D86-43E8-85A2-E27EF038F4F7}.Debug|Any CPU.ActiveCfg = Debug|Any CPU
		{EF38E127-4D86-43E8-85A2-E27EF038F4F7}.Debug|Any CPU.Build.0 = Debug|Any CPU
		{EF38E127-4D86-43E8-85A2-E27EF038F4F7}.Release|Any CPU.ActiveCfg = Release|Any CPU
		{EF38E127-4D86-43E8-85A2-E27EF038F4F7}.Release|Any CPU.Build.0 = Release|Any CPU
	EndGlobalSection
	GlobalSection(SolutionProperties) = preSolution
		HideSolutionNode = FALSE
	EndGlobalSection
	GlobalSection(ExtensibilityGlobals) = postSolution
		SolutionGuid = {5CC619E5-B713-42BB-86E8-E7FC46D6450F}
	EndGlobalSection
EndGlobal
