
Microsoft Visual Studio Solution File, Format Version 12.00
# Visual Studio Version 17
VisualStudioVersion = 17.3.32804.467
MinimumVisualStudioVersion = 10.0.40219.1
Project("{FAE04EC0-301F-11D3-BF4B-00C04F79EFBC}") = "linq1", "linq1.csproj", "{4627B247-366A-450B-9A29-5954216E1D64}"
EndProject
Global
	GlobalSection(SolutionConfigurationPlatforms) = preSolution
		Debug|Any CPU = Debug|Any CPU
		Release|Any CPU = Release|Any CPU
	EndGlobalSection
	GlobalSection(ProjectConfigurationPlatforms) = postSolution
		{4627B247-366A-450B-9A29-5954216E1D64}.Debug|Any CPU.ActiveCfg = Debug|Any CPU
		{4627B247-366A-450B-9A29-5954216E1D64}.Debug|Any CPU.Build.0 = Debug|Any CPU
		{4627B247-366A-450B-9A29-5954216E1D64}.Release|Any CPU.ActiveCfg = Release|Any CPU
		{4627B247-366A-450B-9A29-5954216E1D64}.Release|Any CPU.Build.0 = Release|Any CPU
	EndGlobalSection
	GlobalSection(SolutionProperties) = preSolution
		HideSolutionNode = FALSE
	EndGlobalSection
	GlobalSection(ExtensibilityGlobals) = postSolution
		SolutionGuid = {84F3D0DD-8DF5-4C8C-9F89-F5DAE44BFD3B}
	EndGlobalSection
EndGlobal
