
Microsoft Visual Studio Solution File, Format Version 12.00
# Visual Studio Version 17
VisualStudioVersion = 17.3.32804.467
MinimumVisualStudioVersion = 10.0.40219.1
Project("{FAE04EC0-301F-11D3-BF4B-00C04F79EFBC}") = "excepciones1", "excepciones1.csproj", "{DC37CF6A-C2CB-49B4-9FB0-87FAA0D02480}"
EndProject
Global
	GlobalSection(SolutionConfigurationPlatforms) = preSolution
		Debug|Any CPU = Debug|Any CPU
		Release|Any CPU = Release|Any CPU
	EndGlobalSection
	GlobalSection(ProjectConfigurationPlatforms) = postSolution
		{DC37CF6A-C2CB-49B4-9FB0-87FAA0D02480}.Debug|Any CPU.ActiveCfg = Debug|Any CPU
		{DC37CF6A-C2CB-49B4-9FB0-87FAA0D02480}.Debug|Any CPU.Build.0 = Debug|Any CPU
		{DC37CF6A-C2CB-49B4-9FB0-87FAA0D02480}.Release|Any CPU.ActiveCfg = Release|Any CPU
		{DC37CF6A-C2CB-49B4-9FB0-87FAA0D02480}.Release|Any CPU.Build.0 = Release|Any CPU
	EndGlobalSection
	GlobalSection(SolutionProperties) = preSolution
		HideSolutionNode = FALSE
	EndGlobalSection
	GlobalSection(ExtensibilityGlobals) = postSolution
		SolutionGuid = {2748C4C0-B92D-48FD-B8DD-8B3202B96CE4}
	EndGlobalSection
EndGlobal
